
Microsoft Visual Studio Solution File, Format Version 12.00
# Visual Studio Version 16
VisualStudioVersion = 16.0.29728.190
MinimumVisualStudioVersion = 10.0.40219.1
Project("{9A19103F-16F7-4668-BE54-9A1E7A4F7556}") = "ClientData", "ClientData\ClientData.csproj", "{F720BCB4-F94F-40D7-8C4B-A697DCAFBAFE}"
EndProject
Project("{8BC9CEB8-8B4A-11D0-8D11-00A0C91BC942}") = "FFDynamicStreamer", "DynamicStreamer\FFDynamicStreamer.vcxproj", "{5B4E9511-D74E-4D46-9902-45D46A61D26D}"
EndProject
Project("{9A19103F-16F7-4668-BE54-9A1E7A4F7556}") = "DynamicStreamerWrapper", "DynamicStreamerWrapper\DynamicStreamerWrapper.csproj", "{D425943B-C25C-4F41-BD8E-D2D081EC48F3}"
	ProjectSection(ProjectDependencies) = postProject
		{5B4E9511-D74E-4D46-9902-45D46A61D26D} = {5B4E9511-D74E-4D46-9902-45D46A61D26D}
	EndProjectSection
EndProject
Project("{9A19103F-16F7-4668-BE54-9A1E7A4F7556}") = "DirectShowLib", "Support\DirectShowLib\DirectShowLib.csproj", "{9F48F258-A123-4E68-BF3D-9F987D2EC850}"
EndProject
Project("{2150E333-8FDC-42A3-9474-1A3956D46DE8}") = "Support", "Support", "{216BBC45-E4CF-4215-A283-E78B79E96CD7}"
EndProject
Project("{9A19103F-16F7-4668-BE54-9A1E7A4F7556}") = "DeltaModel", "Support\DeltaModel\DeltaModel.csproj", "{80545838-DAC8-43AB-A6CE-B6396D8D3AA9}"
EndProject
Project("{9A19103F-16F7-4668-BE54-9A1E7A4F7556}") = "DeltaModel.Test", "Support\DeltaModel.Test\DeltaModel.Test.csproj", "{E95B0CCC-F2D9-470C-ACCE-B7500D839829}"
EndProject
Project("{9A19103F-16F7-4668-BE54-9A1E7A4F7556}") = "ClientCore", "ClientCore\ClientCore.csproj", "{1CE88AB6-6B68-40A7-8461-250372396B99}"
EndProject
Project("{9A19103F-16F7-4668-BE54-9A1E7A4F7556}") = "ClientApp.Win", "ClientApp.Win\ClientApp.Win.csproj", "{FA4C874A-FEEC-4B45-8469-8283D2B1180F}"
EndProject
Project("{FAE04EC0-301F-11D3-BF4B-00C04F79EFBC}") = "UpdatePackageHolder", "Support\UpdatePackageHolder\UpdatePackageHolder.csproj", "{C593BDF4-A828-4962-96E3-D5774BEC9229}"
EndProject
Global
	GlobalSection(SolutionConfigurationPlatforms) = preSolution
		Debug|Any CPU = Debug|Any CPU
		Debug|ARM = Debug|ARM
		Debug|ARM64 = Debug|ARM64
		Debug|x64 = Debug|x64
		Debug|x86 = Debug|x86
		Release|Any CPU = Release|Any CPU
		Release|ARM = Release|ARM
		Release|ARM64 = Release|ARM64
		Release|x64 = Release|x64
		Release|x86 = Release|x86
	EndGlobalSection
	GlobalSection(ProjectConfigurationPlatforms) = postSolution
		{F720BCB4-F94F-40D7-8C4B-A697DCAFBAFE}.Debug|Any CPU.ActiveCfg = Debug|Any CPU
		{F720BCB4-F94F-40D7-8C4B-A697DCAFBAFE}.Debug|Any CPU.Build.0 = Debug|Any CPU
		{F720BCB4-F94F-40D7-8C4B-A697DCAFBAFE}.Debug|ARM.ActiveCfg = Debug|Any CPU
		{F720BCB4-F94F-40D7-8C4B-A697DCAFBAFE}.Debug|ARM.Build.0 = Debug|Any CPU
		{F720BCB4-F94F-40D7-8C4B-A697DCAFBAFE}.Debug|ARM64.ActiveCfg = Debug|Any CPU
		{F720BCB4-F94F-40D7-8C4B-A697DCAFBAFE}.Debug|ARM64.Build.0 = Debug|Any CPU
		{F720BCB4-F94F-40D7-8C4B-A697DCAFBAFE}.Debug|x64.ActiveCfg = Debug|Any CPU
		{F720BCB4-F94F-40D7-8C4B-A697DCAFBAFE}.Debug|x64.Build.0 = Debug|Any CPU
		{F720BCB4-F94F-40D7-8C4B-A697DCAFBAFE}.Debug|x86.ActiveCfg = Debug|Any CPU
		{F720BCB4-F94F-40D7-8C4B-A697DCAFBAFE}.Debug|x86.Build.0 = Debug|Any CPU
		{F720BCB4-F94F-40D7-8C4B-A697DCAFBAFE}.Release|Any CPU.ActiveCfg = Release|Any CPU
		{F720BCB4-F94F-40D7-8C4B-A697DCAFBAFE}.Release|Any CPU.Build.0 = Release|Any CPU
		{F720BCB4-F94F-40D7-8C4B-A697DCAFBAFE}.Release|ARM.ActiveCfg = Release|Any CPU
		{F720BCB4-F94F-40D7-8C4B-A697DCAFBAFE}.Release|ARM.Build.0 = Release|Any CPU
		{F720BCB4-F94F-40D7-8C4B-A697DCAFBAFE}.Release|ARM64.ActiveCfg = Release|Any CPU
		{F720BCB4-F94F-40D7-8C4B-A697DCAFBAFE}.Release|ARM64.Build.0 = Release|Any CPU
		{F720BCB4-F94F-40D7-8C4B-A697DCAFBAFE}.Release|x64.ActiveCfg = Release|Any CPU
		{F720BCB4-F94F-40D7-8C4B-A697DCAFBAFE}.Release|x64.Build.0 = Release|Any CPU
		{F720BCB4-F94F-40D7-8C4B-A697DCAFBAFE}.Release|x86.ActiveCfg = Release|Any CPU
		{F720BCB4-F94F-40D7-8C4B-A697DCAFBAFE}.Release|x86.Build.0 = Release|Any CPU
		{5B4E9511-D74E-4D46-9902-45D46A61D26D}.Debug|Any CPU.ActiveCfg = Debug|Win32
		{5B4E9511-D74E-4D46-9902-45D46A61D26D}.Debug|ARM.ActiveCfg = Debug|Win32
		{5B4E9511-D74E-4D46-9902-45D46A61D26D}.Debug|ARM64.ActiveCfg = Debug|Win32
		{5B4E9511-D74E-4D46-9902-45D46A61D26D}.Debug|x64.ActiveCfg = Debug|x64
		{5B4E9511-D74E-4D46-9902-45D46A61D26D}.Debug|x64.Build.0 = Debug|x64
		{5B4E9511-D74E-4D46-9902-45D46A61D26D}.Debug|x86.ActiveCfg = Debug|Win32
		{5B4E9511-D74E-4D46-9902-45D46A61D26D}.Debug|x86.Build.0 = Debug|Win32
		{5B4E9511-D74E-4D46-9902-45D46A61D26D}.Release|Any CPU.ActiveCfg = Release|x64
		{5B4E9511-D74E-4D46-9902-45D46A61D26D}.Release|Any CPU.Build.0 = Release|x64
		{5B4E9511-D74E-4D46-9902-45D46A61D26D}.Release|ARM.ActiveCfg = Release|Win32
		{5B4E9511-D74E-4D46-9902-45D46A61D26D}.Release|ARM64.ActiveCfg = Release|Win32
		{5B4E9511-D74E-4D46-9902-45D46A61D26D}.Release|x64.ActiveCfg = Release|x64
		{5B4E9511-D74E-4D46-9902-45D46A61D26D}.Release|x64.Build.0 = Release|x64
		{5B4E9511-D74E-4D46-9902-45D46A61D26D}.Release|x86.ActiveCfg = Release|Win32
		{5B4E9511-D74E-4D46-9902-45D46A61D26D}.Release|x86.Build.0 = Release|Win32
		{D425943B-C25C-4F41-BD8E-D2D081EC48F3}.Debug|Any CPU.ActiveCfg = Debug|Any CPU
		{D425943B-C25C-4F41-BD8E-D2D081EC48F3}.Debug|Any CPU.Build.0 = Debug|Any CPU
		{D425943B-C25C-4F41-BD8E-D2D081EC48F3}.Debug|ARM.ActiveCfg = Debug|Any CPU
		{D425943B-C25C-4F41-BD8E-D2D081EC48F3}.Debug|ARM.Build.0 = Debug|Any CPU
		{D425943B-C25C-4F41-BD8E-D2D081EC48F3}.Debug|ARM64.ActiveCfg = Debug|Any CPU
		{D425943B-C25C-4F41-BD8E-D2D081EC48F3}.Debug|ARM64.Build.0 = Debug|Any CPU
		{D425943B-C25C-4F41-BD8E-D2D081EC48F3}.Debug|x64.ActiveCfg = Debug|Any CPU
		{D425943B-C25C-4F41-BD8E-D2D081EC48F3}.Debug|x64.Build.0 = Debug|Any CPU
		{D425943B-C25C-4F41-BD8E-D2D081EC48F3}.Debug|x86.ActiveCfg = Debug|Any CPU
		{D425943B-C25C-4F41-BD8E-D2D081EC48F3}.Debug|x86.Build.0 = Debug|Any CPU
		{D425943B-C25C-4F41-BD8E-D2D081EC48F3}.Release|Any CPU.ActiveCfg = Release|Any CPU
		{D425943B-C25C-4F41-BD8E-D2D081EC48F3}.Release|Any CPU.Build.0 = Release|Any CPU
		{D425943B-C25C-4F41-BD8E-D2D081EC48F3}.Release|ARM.ActiveCfg = Release|Any CPU
		{D425943B-C25C-4F41-BD8E-D2D081EC48F3}.Release|ARM.Build.0 = Release|Any CPU
		{D425943B-C25C-4F41-BD8E-D2D081EC48F3}.Release|ARM64.ActiveCfg = Release|Any CPU
		{D425943B-C25C-4F41-BD8E-D2D081EC48F3}.Release|ARM64.Build.0 = Release|Any CPU
		{D425943B-C25C-4F41-BD8E-D2D081EC48F3}.Release|x64.ActiveCfg = Release|Any CPU
		{D425943B-C25C-4F41-BD8E-D2D081EC48F3}.Release|x64.Build.0 = Release|Any CPU
		{D425943B-C25C-4F41-BD8E-D2D081EC48F3}.Release|x86.ActiveCfg = Release|Any CPU
		{D425943B-C25C-4F41-BD8E-D2D081EC48F3}.Release|x86.Build.0 = Release|Any CPU
		{9F48F258-A123-4E68-BF3D-9F987D2EC850}.Debug|Any CPU.ActiveCfg = Debug|Any CPU
		{9F48F258-A123-4E68-BF3D-9F987D2EC850}.Debug|Any CPU.Build.0 = Debug|Any CPU
		{9F48F258-A123-4E68-BF3D-9F987D2EC850}.Debug|ARM.ActiveCfg = Debug|Any CPU
		{9F48F258-A123-4E68-BF3D-9F987D2EC850}.Debug|ARM.Build.0 = Debug|Any CPU
		{9F48F258-A123-4E68-BF3D-9F987D2EC850}.Debug|ARM64.ActiveCfg = Debug|Any CPU
		{9F48F258-A123-4E68-BF3D-9F987D2EC850}.Debug|ARM64.Build.0 = Debug|Any CPU
		{9F48F258-A123-4E68-BF3D-9F987D2EC850}.Debug|x64.ActiveCfg = Debug|Any CPU
		{9F48F258-A123-4E68-BF3D-9F987D2EC850}.Debug|x64.Build.0 = Debug|Any CPU
		{9F48F258-A123-4E68-BF3D-9F987D2EC850}.Debug|x86.ActiveCfg = Debug|Any CPU
		{9F48F258-A123-4E68-BF3D-9F987D2EC850}.Debug|x86.Build.0 = Debug|Any CPU
		{9F48F258-A123-4E68-BF3D-9F987D2EC850}.Release|Any CPU.ActiveCfg = Release|Any CPU
		{9F48F258-A123-4E68-BF3D-9F987D2EC850}.Release|Any CPU.Build.0 = Release|Any CPU
		{9F48F258-A123-4E68-BF3D-9F987D2EC850}.Release|ARM.ActiveCfg = Release|Any CPU
		{9F48F258-A123-4E68-BF3D-9F987D2EC850}.Release|ARM.Build.0 = Release|Any CPU
		{9F48F258-A123-4E68-BF3D-9F987D2EC850}.Release|ARM64.ActiveCfg = Release|Any CPU
		{9F48F258-A123-4E68-BF3D-9F987D2EC850}.Release|ARM64.Build.0 = Release|Any CPU
		{9F48F258-A123-4E68-BF3D-9F987D2EC850}.Release|x64.ActiveCfg = Release|Any CPU
		{9F48F258-A123-4E68-BF3D-9F987D2EC850}.Release|x64.Build.0 = Release|Any CPU
		{9F48F258-A123-4E68-BF3D-9F987D2EC850}.Release|x86.ActiveCfg = Release|Any CPU
		{9F48F258-A123-4E68-BF3D-9F987D2EC850}.Release|x86.Build.0 = Release|Any CPU
		{0969CBA9-8DF5-4CEB-912D-84DBF59664C4}.Debug|Any CPU.ActiveCfg = Debug|Any CPU
		{0969CBA9-8DF5-4CEB-912D-84DBF59664C4}.Debug|Any CPU.Build.0 = Debug|Any CPU
		{0969CBA9-8DF5-4CEB-912D-84DBF59664C4}.Debug|ARM.ActiveCfg = Debug|Any CPU
		{0969CBA9-8DF5-4CEB-912D-84DBF59664C4}.Debug|ARM.Build.0 = Debug|Any CPU
		{0969CBA9-8DF5-4CEB-912D-84DBF59664C4}.Debug|ARM64.ActiveCfg = Debug|Any CPU
		{0969CBA9-8DF5-4CEB-912D-84DBF59664C4}.Debug|ARM64.Build.0 = Debug|Any CPU
		{0969CBA9-8DF5-4CEB-912D-84DBF59664C4}.Debug|x64.ActiveCfg = Debug|Any CPU
		{0969CBA9-8DF5-4CEB-912D-84DBF59664C4}.Debug|x64.Build.0 = Debug|Any CPU
		{0969CBA9-8DF5-4CEB-912D-84DBF59664C4}.Debug|x86.ActiveCfg = Debug|Any CPU
		{0969CBA9-8DF5-4CEB-912D-84DBF59664C4}.Debug|x86.Build.0 = Debug|Any CPU
		{0969CBA9-8DF5-4CEB-912D-84DBF59664C4}.Release|Any CPU.ActiveCfg = Release|Any CPU
		{0969CBA9-8DF5-4CEB-912D-84DBF59664C4}.Release|Any CPU.Build.0 = Release|Any CPU
		{0969CBA9-8DF5-4CEB-912D-84DBF59664C4}.Release|ARM.ActiveCfg = Release|Any CPU
		{0969CBA9-8DF5-4CEB-912D-84DBF59664C4}.Release|ARM.Build.0 = Release|Any CPU
		{0969CBA9-8DF5-4CEB-912D-84DBF59664C4}.Release|ARM64.ActiveCfg = Release|Any CPU
		{0969CBA9-8DF5-4CEB-912D-84DBF59664C4}.Release|ARM64.Build.0 = Release|Any CPU
		{0969CBA9-8DF5-4CEB-912D-84DBF59664C4}.Release|x64.ActiveCfg = Release|Any CPU
		{0969CBA9-8DF5-4CEB-912D-84DBF59664C4}.Release|x64.Build.0 = Release|Any CPU
		{0969CBA9-8DF5-4CEB-912D-84DBF59664C4}.Release|x86.ActiveCfg = Release|Any CPU
		{0969CBA9-8DF5-4CEB-912D-84DBF59664C4}.Release|x86.Build.0 = Release|Any CPU
		{EAE47F04-7462-452E-B469-EF8FF7E7AD7A}.Debug|Any CPU.ActiveCfg = Debug|Any CPU
		{EAE47F04-7462-452E-B469-EF8FF7E7AD7A}.Debug|Any CPU.Build.0 = Debug|Any CPU
		{EAE47F04-7462-452E-B469-EF8FF7E7AD7A}.Debug|ARM.ActiveCfg = Debug|Any CPU
		{EAE47F04-7462-452E-B469-EF8FF7E7AD7A}.Debug|ARM.Build.0 = Debug|Any CPU
		{EAE47F04-7462-452E-B469-EF8FF7E7AD7A}.Debug|ARM64.ActiveCfg = Debug|Any CPU
		{EAE47F04-7462-452E-B469-EF8FF7E7AD7A}.Debug|ARM64.Build.0 = Debug|Any CPU
		{EAE47F04-7462-452E-B469-EF8FF7E7AD7A}.Debug|x64.ActiveCfg = Debug|Any CPU
		{EAE47F04-7462-452E-B469-EF8FF7E7AD7A}.Debug|x64.Build.0 = Debug|Any CPU
		{EAE47F04-7462-452E-B469-EF8FF7E7AD7A}.Debug|x86.ActiveCfg = Debug|Any CPU
		{EAE47F04-7462-452E-B469-EF8FF7E7AD7A}.Debug|x86.Build.0 = Debug|Any CPU
		{EAE47F04-7462-452E-B469-EF8FF7E7AD7A}.Release|Any CPU.ActiveCfg = Release|Any CPU
		{EAE47F04-7462-452E-B469-EF8FF7E7AD7A}.Release|Any CPU.Build.0 = Release|Any CPU
		{EAE47F04-7462-452E-B469-EF8FF7E7AD7A}.Release|ARM.ActiveCfg = Release|Any CPU
		{EAE47F04-7462-452E-B469-EF8FF7E7AD7A}.Release|ARM.Build.0 = Release|Any CPU
		{EAE47F04-7462-452E-B469-EF8FF7E7AD7A}.Release|ARM64.ActiveCfg = Release|Any CPU
		{EAE47F04-7462-452E-B469-EF8FF7E7AD7A}.Release|ARM64.Build.0 = Release|Any CPU
		{EAE47F04-7462-452E-B469-EF8FF7E7AD7A}.Release|x64.ActiveCfg = Release|Any CPU
		{EAE47F04-7462-452E-B469-EF8FF7E7AD7A}.Release|x64.Build.0 = Release|Any CPU
		{EAE47F04-7462-452E-B469-EF8FF7E7AD7A}.Release|x86.ActiveCfg = Release|Any CPU
		{EAE47F04-7462-452E-B469-EF8FF7E7AD7A}.Release|x86.Build.0 = Release|Any CPU
		{2B58967B-A742-4FDB-8ADD-C53CF2995350}.Debug|Any CPU.ActiveCfg = Debug|Any CPU
		{2B58967B-A742-4FDB-8ADD-C53CF2995350}.Debug|Any CPU.Build.0 = Debug|Any CPU
		{2B58967B-A742-4FDB-8ADD-C53CF2995350}.Debug|ARM.ActiveCfg = Debug|Any CPU
		{2B58967B-A742-4FDB-8ADD-C53CF2995350}.Debug|ARM.Build.0 = Debug|Any CPU
		{2B58967B-A742-4FDB-8ADD-C53CF2995350}.Debug|ARM64.ActiveCfg = Debug|Any CPU
		{2B58967B-A742-4FDB-8ADD-C53CF2995350}.Debug|ARM64.Build.0 = Debug|Any CPU
		{2B58967B-A742-4FDB-8ADD-C53CF2995350}.Debug|x64.ActiveCfg = Debug|Any CPU
		{2B58967B-A742-4FDB-8ADD-C53CF2995350}.Debug|x64.Build.0 = Debug|Any CPU
		{2B58967B-A742-4FDB-8ADD-C53CF2995350}.Debug|x86.ActiveCfg = Debug|Any CPU
		{2B58967B-A742-4FDB-8ADD-C53CF2995350}.Debug|x86.Build.0 = Debug|Any CPU
		{2B58967B-A742-4FDB-8ADD-C53CF2995350}.Release|Any CPU.ActiveCfg = Release|Any CPU
		{2B58967B-A742-4FDB-8ADD-C53CF2995350}.Release|Any CPU.Build.0 = Release|Any CPU
		{2B58967B-A742-4FDB-8ADD-C53CF2995350}.Release|ARM.ActiveCfg = Release|Any CPU
		{2B58967B-A742-4FDB-8ADD-C53CF2995350}.Release|ARM.Build.0 = Release|Any CPU
		{2B58967B-A742-4FDB-8ADD-C53CF2995350}.Release|ARM64.ActiveCfg = Release|Any CPU
		{2B58967B-A742-4FDB-8ADD-C53CF2995350}.Release|ARM64.Build.0 = Release|Any CPU
		{2B58967B-A742-4FDB-8ADD-C53CF2995350}.Release|x64.ActiveCfg = Release|Any CPU
		{2B58967B-A742-4FDB-8ADD-C53CF2995350}.Release|x64.Build.0 = Release|Any CPU
		{2B58967B-A742-4FDB-8ADD-C53CF2995350}.Release|x86.ActiveCfg = Release|Any CPU
		{2B58967B-A742-4FDB-8ADD-C53CF2995350}.Release|x86.Build.0 = Release|Any CPU
		{8C182D0F-3FB8-41BC-8678-9FF46FAD2174}.Debug|Any CPU.ActiveCfg = Debug|Any CPU
		{8C182D0F-3FB8-41BC-8678-9FF46FAD2174}.Debug|Any CPU.Build.0 = Debug|Any CPU
		{8C182D0F-3FB8-41BC-8678-9FF46FAD2174}.Debug|ARM.ActiveCfg = Debug|Any CPU
		{8C182D0F-3FB8-41BC-8678-9FF46FAD2174}.Debug|ARM.Build.0 = Debug|Any CPU
		{8C182D0F-3FB8-41BC-8678-9FF46FAD2174}.Debug|ARM64.ActiveCfg = Debug|Any CPU
		{8C182D0F-3FB8-41BC-8678-9FF46FAD2174}.Debug|ARM64.Build.0 = Debug|Any CPU
		{8C182D0F-3FB8-41BC-8678-9FF46FAD2174}.Debug|x64.ActiveCfg = Debug|Any CPU
		{8C182D0F-3FB8-41BC-8678-9FF46FAD2174}.Debug|x64.Build.0 = Debug|Any CPU
		{8C182D0F-3FB8-41BC-8678-9FF46FAD2174}.Debug|x86.ActiveCfg = Debug|Any CPU
		{8C182D0F-3FB8-41BC-8678-9FF46FAD2174}.Debug|x86.Build.0 = Debug|Any CPU
		{8C182D0F-3FB8-41BC-8678-9FF46FAD2174}.Release|Any CPU.ActiveCfg = Release|Any CPU
		{8C182D0F-3FB8-41BC-8678-9FF46FAD2174}.Release|Any CPU.Build.0 = Release|Any CPU
		{8C182D0F-3FB8-41BC-8678-9FF46FAD2174}.Release|ARM.ActiveCfg = Release|Any CPU
		{8C182D0F-3FB8-41BC-8678-9FF46FAD2174}.Release|ARM.Build.0 = Release|Any CPU
		{8C182D0F-3FB8-41BC-8678-9FF46FAD2174}.Release|ARM64.ActiveCfg = Release|Any CPU
		{8C182D0F-3FB8-41BC-8678-9FF46FAD2174}.Release|ARM64.Build.0 = Release|Any CPU
		{8C182D0F-3FB8-41BC-8678-9FF46FAD2174}.Release|x64.ActiveCfg = Release|Any CPU
		{8C182D0F-3FB8-41BC-8678-9FF46FAD2174}.Release|x64.Build.0 = Release|Any CPU
		{8C182D0F-3FB8-41BC-8678-9FF46FAD2174}.Release|x86.ActiveCfg = Release|Any CPU
		{8C182D0F-3FB8-41BC-8678-9FF46FAD2174}.Release|x86.Build.0 = Release|Any CPU
		{9192FE64-DD28-4A40-A468-0B879AF5BC6D}.Debug|Any CPU.ActiveCfg = Debug|Any CPU
		{9192FE64-DD28-4A40-A468-0B879AF5BC6D}.Debug|Any CPU.Build.0 = Debug|Any CPU
		{9192FE64-DD28-4A40-A468-0B879AF5BC6D}.Debug|ARM.ActiveCfg = Debug|Any CPU
		{9192FE64-DD28-4A40-A468-0B879AF5BC6D}.Debug|ARM.Build.0 = Debug|Any CPU
		{9192FE64-DD28-4A40-A468-0B879AF5BC6D}.Debug|ARM64.ActiveCfg = Debug|Any CPU
		{9192FE64-DD28-4A40-A468-0B879AF5BC6D}.Debug|ARM64.Build.0 = Debug|Any CPU
		{9192FE64-DD28-4A40-A468-0B879AF5BC6D}.Debug|x64.ActiveCfg = Debug|Any CPU
		{9192FE64-DD28-4A40-A468-0B879AF5BC6D}.Debug|x64.Build.0 = Debug|Any CPU
		{9192FE64-DD28-4A40-A468-0B879AF5BC6D}.Debug|x86.ActiveCfg = Debug|Any CPU
		{9192FE64-DD28-4A40-A468-0B879AF5BC6D}.Debug|x86.Build.0 = Debug|Any CPU
		{9192FE64-DD28-4A40-A468-0B879AF5BC6D}.Release|Any CPU.ActiveCfg = Release|Any CPU
		{9192FE64-DD28-4A40-A468-0B879AF5BC6D}.Release|Any CPU.Build.0 = Release|Any CPU
		{9192FE64-DD28-4A40-A468-0B879AF5BC6D}.Release|ARM.ActiveCfg = Release|Any CPU
		{9192FE64-DD28-4A40-A468-0B879AF5BC6D}.Release|ARM.Build.0 = Release|Any CPU
		{9192FE64-DD28-4A40-A468-0B879AF5BC6D}.Release|ARM64.ActiveCfg = Release|Any CPU
		{9192FE64-DD28-4A40-A468-0B879AF5BC6D}.Release|ARM64.Build.0 = Release|Any CPU
		{9192FE64-DD28-4A40-A468-0B879AF5BC6D}.Release|x64.ActiveCfg = Release|Any CPU
		{9192FE64-DD28-4A40-A468-0B879AF5BC6D}.Release|x64.Build.0 = Release|Any CPU
		{9192FE64-DD28-4A40-A468-0B879AF5BC6D}.Release|x86.ActiveCfg = Release|Any CPU
		{9192FE64-DD28-4A40-A468-0B879AF5BC6D}.Release|x86.Build.0 = Release|Any CPU
		{562B608D-E6D1-4E2C-BF59-425530C244BD}.Debug|Any CPU.ActiveCfg = Debug|Any CPU
		{562B608D-E6D1-4E2C-BF59-425530C244BD}.Debug|Any CPU.Build.0 = Debug|Any CPU
		{562B608D-E6D1-4E2C-BF59-425530C244BD}.Debug|ARM.ActiveCfg = Debug|Any CPU
		{562B608D-E6D1-4E2C-BF59-425530C244BD}.Debug|ARM.Build.0 = Debug|Any CPU
		{562B608D-E6D1-4E2C-BF59-425530C244BD}.Debug|ARM64.ActiveCfg = Debug|Any CPU
		{562B608D-E6D1-4E2C-BF59-425530C244BD}.Debug|ARM64.Build.0 = Debug|Any CPU
		{562B608D-E6D1-4E2C-BF59-425530C244BD}.Debug|x64.ActiveCfg = Debug|Any CPU
		{562B608D-E6D1-4E2C-BF59-425530C244BD}.Debug|x64.Build.0 = Debug|Any CPU
		{562B608D-E6D1-4E2C-BF59-425530C244BD}.Debug|x86.ActiveCfg = Debug|Any CPU
		{562B608D-E6D1-4E2C-BF59-425530C244BD}.Debug|x86.Build.0 = Debug|Any CPU
		{562B608D-E6D1-4E2C-BF59-425530C244BD}.Release|Any CPU.ActiveCfg = Release|Any CPU
		{562B608D-E6D1-4E2C-BF59-425530C244BD}.Release|Any CPU.Build.0 = Release|Any CPU
		{562B608D-E6D1-4E2C-BF59-425530C244BD}.Release|ARM.ActiveCfg = Release|Any CPU
		{562B608D-E6D1-4E2C-BF59-425530C244BD}.Release|ARM.Build.0 = Release|Any CPU
		{562B608D-E6D1-4E2C-BF59-425530C244BD}.Release|ARM64.ActiveCfg = Release|Any CPU
		{562B608D-E6D1-4E2C-BF59-425530C244BD}.Release|ARM64.Build.0 = Release|Any CPU
		{562B608D-E6D1-4E2C-BF59-425530C244BD}.Release|x64.ActiveCfg = Release|Any CPU
		{562B608D-E6D1-4E2C-BF59-425530C244BD}.Release|x64.Build.0 = Release|Any CPU
		{562B608D-E6D1-4E2C-BF59-425530C244BD}.Release|x86.ActiveCfg = Release|Any CPU
		{562B608D-E6D1-4E2C-BF59-425530C244BD}.Release|x86.Build.0 = Release|Any CPU
		{80545838-DAC8-43AB-A6CE-B6396D8D3AA9}.Debug|Any CPU.ActiveCfg = Debug|Any CPU
		{80545838-DAC8-43AB-A6CE-B6396D8D3AA9}.Debug|Any CPU.Build.0 = Debug|Any CPU
		{80545838-DAC8-43AB-A6CE-B6396D8D3AA9}.Debug|ARM.ActiveCfg = Debug|Any CPU
		{80545838-DAC8-43AB-A6CE-B6396D8D3AA9}.Debug|ARM.Build.0 = Debug|Any CPU
		{80545838-DAC8-43AB-A6CE-B6396D8D3AA9}.Debug|ARM64.ActiveCfg = Debug|Any CPU
		{80545838-DAC8-43AB-A6CE-B6396D8D3AA9}.Debug|ARM64.Build.0 = Debug|Any CPU
		{80545838-DAC8-43AB-A6CE-B6396D8D3AA9}.Debug|x64.ActiveCfg = Debug|Any CPU
		{80545838-DAC8-43AB-A6CE-B6396D8D3AA9}.Debug|x64.Build.0 = Debug|Any CPU
		{80545838-DAC8-43AB-A6CE-B6396D8D3AA9}.Debug|x86.ActiveCfg = Debug|Any CPU
		{80545838-DAC8-43AB-A6CE-B6396D8D3AA9}.Debug|x86.Build.0 = Debug|Any CPU
		{80545838-DAC8-43AB-A6CE-B6396D8D3AA9}.Release|Any CPU.ActiveCfg = Release|Any CPU
		{80545838-DAC8-43AB-A6CE-B6396D8D3AA9}.Release|Any CPU.Build.0 = Release|Any CPU
		{80545838-DAC8-43AB-A6CE-B6396D8D3AA9}.Release|ARM.ActiveCfg = Release|Any CPU
		{80545838-DAC8-43AB-A6CE-B6396D8D3AA9}.Release|ARM.Build.0 = Release|Any CPU
		{80545838-DAC8-43AB-A6CE-B6396D8D3AA9}.Release|ARM64.ActiveCfg = Release|Any CPU
		{80545838-DAC8-43AB-A6CE-B6396D8D3AA9}.Release|ARM64.Build.0 = Release|Any CPU
		{80545838-DAC8-43AB-A6CE-B6396D8D3AA9}.Release|x64.ActiveCfg = Release|Any CPU
		{80545838-DAC8-43AB-A6CE-B6396D8D3AA9}.Release|x64.Build.0 = Release|Any CPU
		{80545838-DAC8-43AB-A6CE-B6396D8D3AA9}.Release|x86.ActiveCfg = Release|Any CPU
		{80545838-DAC8-43AB-A6CE-B6396D8D3AA9}.Release|x86.Build.0 = Release|Any CPU
		{E95B0CCC-F2D9-470C-ACCE-B7500D839829}.Debug|Any CPU.ActiveCfg = Debug|Any CPU
		{E95B0CCC-F2D9-470C-ACCE-B7500D839829}.Debug|Any CPU.Build.0 = Debug|Any CPU
		{E95B0CCC-F2D9-470C-ACCE-B7500D839829}.Debug|ARM.ActiveCfg = Debug|Any CPU
		{E95B0CCC-F2D9-470C-ACCE-B7500D839829}.Debug|ARM.Build.0 = Debug|Any CPU
		{E95B0CCC-F2D9-470C-ACCE-B7500D839829}.Debug|ARM64.ActiveCfg = Debug|Any CPU
		{E95B0CCC-F2D9-470C-ACCE-B7500D839829}.Debug|ARM64.Build.0 = Debug|Any CPU
		{E95B0CCC-F2D9-470C-ACCE-B7500D839829}.Debug|x64.ActiveCfg = Debug|Any CPU
		{E95B0CCC-F2D9-470C-ACCE-B7500D839829}.Debug|x64.Build.0 = Debug|Any CPU
		{E95B0CCC-F2D9-470C-ACCE-B7500D839829}.Debug|x86.ActiveCfg = Debug|Any CPU
		{E95B0CCC-F2D9-470C-ACCE-B7500D839829}.Debug|x86.Build.0 = Debug|Any CPU
		{E95B0CCC-F2D9-470C-ACCE-B7500D839829}.Release|Any CPU.ActiveCfg = Release|Any CPU
		{E95B0CCC-F2D9-470C-ACCE-B7500D839829}.Release|Any CPU.Build.0 = Release|Any CPU
		{E95B0CCC-F2D9-470C-ACCE-B7500D839829}.Release|ARM.ActiveCfg = Release|Any CPU
		{E95B0CCC-F2D9-470C-ACCE-B7500D839829}.Release|ARM.Build.0 = Release|Any CPU
		{E95B0CCC-F2D9-470C-ACCE-B7500D839829}.Release|ARM64.ActiveCfg = Release|Any CPU
		{E95B0CCC-F2D9-470C-ACCE-B7500D839829}.Release|ARM64.Build.0 = Release|Any CPU
		{E95B0CCC-F2D9-470C-ACCE-B7500D839829}.Release|x64.ActiveCfg = Release|Any CPU
		{E95B0CCC-F2D9-470C-ACCE-B7500D839829}.Release|x64.Build.0 = Release|Any CPU
		{E95B0CCC-F2D9-470C-ACCE-B7500D839829}.Release|x86.ActiveCfg = Release|Any CPU
		{E95B0CCC-F2D9-470C-ACCE-B7500D839829}.Release|x86.Build.0 = Release|Any CPU
		{1CE88AB6-6B68-40A7-8461-250372396B99}.Debug|Any CPU.ActiveCfg = Debug|Any CPU
		{1CE88AB6-6B68-40A7-8461-250372396B99}.Debug|Any CPU.Build.0 = Debug|Any CPU
		{1CE88AB6-6B68-40A7-8461-250372396B99}.Debug|ARM.ActiveCfg = Debug|Any CPU
		{1CE88AB6-6B68-40A7-8461-250372396B99}.Debug|ARM.Build.0 = Debug|Any CPU
		{1CE88AB6-6B68-40A7-8461-250372396B99}.Debug|ARM64.ActiveCfg = Debug|Any CPU
		{1CE88AB6-6B68-40A7-8461-250372396B99}.Debug|ARM64.Build.0 = Debug|Any CPU
		{1CE88AB6-6B68-40A7-8461-250372396B99}.Debug|x64.ActiveCfg = Debug|Any CPU
		{1CE88AB6-6B68-40A7-8461-250372396B99}.Debug|x64.Build.0 = Debug|Any CPU
		{1CE88AB6-6B68-40A7-8461-250372396B99}.Debug|x86.ActiveCfg = Debug|Any CPU
		{1CE88AB6-6B68-40A7-8461-250372396B99}.Debug|x86.Build.0 = Debug|Any CPU
		{1CE88AB6-6B68-40A7-8461-250372396B99}.Release|Any CPU.ActiveCfg = Release|Any CPU
		{1CE88AB6-6B68-40A7-8461-250372396B99}.Release|Any CPU.Build.0 = Release|Any CPU
		{1CE88AB6-6B68-40A7-8461-250372396B99}.Release|ARM.ActiveCfg = Release|Any CPU
		{1CE88AB6-6B68-40A7-8461-250372396B99}.Release|ARM.Build.0 = Release|Any CPU
		{1CE88AB6-6B68-40A7-8461-250372396B99}.Release|ARM64.ActiveCfg = Release|Any CPU
		{1CE88AB6-6B68-40A7-8461-250372396B99}.Release|ARM64.Build.0 = Release|Any CPU
		{1CE88AB6-6B68-40A7-8461-250372396B99}.Release|x64.ActiveCfg = Release|Any CPU
		{1CE88AB6-6B68-40A7-8461-250372396B99}.Release|x64.Build.0 = Release|Any CPU
		{1CE88AB6-6B68-40A7-8461-250372396B99}.Release|x86.ActiveCfg = Release|Any CPU
		{1CE88AB6-6B68-40A7-8461-250372396B99}.Release|x86.Build.0 = Release|Any CPU
		{FA4C874A-FEEC-4B45-8469-8283D2B1180F}.Debug|Any CPU.ActiveCfg = Debug|Any CPU
		{FA4C874A-FEEC-4B45-8469-8283D2B1180F}.Debug|Any CPU.Build.0 = Debug|Any CPU
		{FA4C874A-FEEC-4B45-8469-8283D2B1180F}.Debug|ARM.ActiveCfg = Debug|Any CPU
		{FA4C874A-FEEC-4B45-8469-8283D2B1180F}.Debug|ARM.Build.0 = Debug|Any CPU
		{FA4C874A-FEEC-4B45-8469-8283D2B1180F}.Debug|ARM64.ActiveCfg = Debug|Any CPU
		{FA4C874A-FEEC-4B45-8469-8283D2B1180F}.Debug|ARM64.Build.0 = Debug|Any CPU
		{FA4C874A-FEEC-4B45-8469-8283D2B1180F}.Debug|x64.ActiveCfg = Debug|Any CPU
		{FA4C874A-FEEC-4B45-8469-8283D2B1180F}.Debug|x64.Build.0 = Debug|Any CPU
		{FA4C874A-FEEC-4B45-8469-8283D2B1180F}.Debug|x86.ActiveCfg = Debug|Any CPU
		{FA4C874A-FEEC-4B45-8469-8283D2B1180F}.Debug|x86.Build.0 = Debug|Any CPU
		{FA4C874A-FEEC-4B45-8469-8283D2B1180F}.Release|Any CPU.ActiveCfg = Release|Any CPU
		{FA4C874A-FEEC-4B45-8469-8283D2B1180F}.Release|Any CPU.Build.0 = Release|Any CPU
		{FA4C874A-FEEC-4B45-8469-8283D2B1180F}.Release|ARM.ActiveCfg = Release|Any CPU
		{FA4C874A-FEEC-4B45-8469-8283D2B1180F}.Release|ARM.Build.0 = Release|Any CPU
		{FA4C874A-FEEC-4B45-8469-8283D2B1180F}.Release|ARM64.ActiveCfg = Release|Any CPU
		{FA4C874A-FEEC-4B45-8469-8283D2B1180F}.Release|ARM64.Build.0 = Release|Any CPU
		{FA4C874A-FEEC-4B45-8469-8283D2B1180F}.Release|x64.ActiveCfg = Release|Any CPU
		{FA4C874A-FEEC-4B45-8469-8283D2B1180F}.Release|x64.Build.0 = Release|Any CPU
		{FA4C874A-FEEC-4B45-8469-8283D2B1180F}.Release|x86.ActiveCfg = Release|Any CPU
		{FA4C874A-FEEC-4B45-8469-8283D2B1180F}.Release|x86.Build.0 = Release|Any CPU
		{5FFB20FC-DC56-4F44-B52F-3CF34BD6DAB8}.Debug|Any CPU.ActiveCfg = Debug|Any CPU
		{5FFB20FC-DC56-4F44-B52F-3CF34BD6DAB8}.Debug|Any CPU.Build.0 = Debug|Any CPU
		{5FFB20FC-DC56-4F44-B52F-3CF34BD6DAB8}.Debug|ARM.ActiveCfg = Debug|Any CPU
		{5FFB20FC-DC56-4F44-B52F-3CF34BD6DAB8}.Debug|ARM.Build.0 = Debug|Any CPU
		{5FFB20FC-DC56-4F44-B52F-3CF34BD6DAB8}.Debug|ARM64.ActiveCfg = Debug|Any CPU
		{5FFB20FC-DC56-4F44-B52F-3CF34BD6DAB8}.Debug|ARM64.Build.0 = Debug|Any CPU
		{5FFB20FC-DC56-4F44-B52F-3CF34BD6DAB8}.Debug|x64.ActiveCfg = Debug|Any CPU
		{5FFB20FC-DC56-4F44-B52F-3CF34BD6DAB8}.Debug|x64.Build.0 = Debug|Any CPU
		{5FFB20FC-DC56-4F44-B52F-3CF34BD6DAB8}.Debug|x86.ActiveCfg = Debug|Any CPU
		{5FFB20FC-DC56-4F44-B52F-3CF34BD6DAB8}.Debug|x86.Build.0 = Debug|Any CPU
		{5FFB20FC-DC56-4F44-B52F-3CF34BD6DAB8}.Release|Any CPU.ActiveCfg = Release|Any CPU
		{5FFB20FC-DC56-4F44-B52F-3CF34BD6DAB8}.Release|Any CPU.Build.0 = Release|Any CPU
		{5FFB20FC-DC56-4F44-B52F-3CF34BD6DAB8}.Release|ARM.ActiveCfg = Release|Any CPU
		{5FFB20FC-DC56-4F44-B52F-3CF34BD6DAB8}.Release|ARM.Build.0 = Release|Any CPU
		{5FFB20FC-DC56-4F44-B52F-3CF34BD6DAB8}.Release|ARM64.ActiveCfg = Release|Any CPU
		{5FFB20FC-DC56-4F44-B52F-3CF34BD6DAB8}.Release|ARM64.Build.0 = Release|Any CPU
		{5FFB20FC-DC56-4F44-B52F-3CF34BD6DAB8}.Release|x64.ActiveCfg = Release|Any CPU
		{5FFB20FC-DC56-4F44-B52F-3CF34BD6DAB8}.Release|x64.Build.0 = Release|Any CPU
		{5FFB20FC-DC56-4F44-B52F-3CF34BD6DAB8}.Release|x86.ActiveCfg = Release|Any CPU
		{5FFB20FC-DC56-4F44-B52F-3CF34BD6DAB8}.Release|x86.Build.0 = Release|Any CPU
		{C593BDF4-A828-4962-96E3-D5774BEC9229}.Debug|Any CPU.ActiveCfg = Debug|Any CPU
		{C593BDF4-A828-4962-96E3-D5774BEC9229}.Debug|Any CPU.Build.0 = Debug|Any CPU
		{C593BDF4-A828-4962-96E3-D5774BEC9229}.Debug|ARM.ActiveCfg = Debug|Any CPU
		{C593BDF4-A828-4962-96E3-D5774BEC9229}.Debug|ARM.Build.0 = Debug|Any CPU
		{C593BDF4-A828-4962-96E3-D5774BEC9229}.Debug|ARM64.ActiveCfg = Debug|Any CPU
		{C593BDF4-A828-4962-96E3-D5774BEC9229}.Debug|ARM64.Build.0 = Debug|Any CPU
		{C593BDF4-A828-4962-96E3-D5774BEC9229}.Debug|x64.ActiveCfg = Debug|Any CPU
		{C593BDF4-A828-4962-96E3-D5774BEC9229}.Debug|x64.Build.0 = Debug|Any CPU
		{C593BDF4-A828-4962-96E3-D5774BEC9229}.Debug|x86.ActiveCfg = Debug|Any CPU
		{C593BDF4-A828-4962-96E3-D5774BEC9229}.Debug|x86.Build.0 = Debug|Any CPU
		{C593BDF4-A828-4962-96E3-D5774BEC9229}.Release|Any CPU.ActiveCfg = Release|Any CPU
		{C593BDF4-A828-4962-96E3-D5774BEC9229}.Release|Any CPU.Build.0 = Release|Any CPU
		{C593BDF4-A828-4962-96E3-D5774BEC9229}.Release|ARM.ActiveCfg = Release|Any CPU
		{C593BDF4-A828-4962-96E3-D5774BEC9229}.Release|ARM.Build.0 = Release|Any CPU
		{C593BDF4-A828-4962-96E3-D5774BEC9229}.Release|ARM64.ActiveCfg = Release|Any CPU
		{C593BDF4-A828-4962-96E3-D5774BEC9229}.Release|ARM64.Build.0 = Release|Any CPU
		{C593BDF4-A828-4962-96E3-D5774BEC9229}.Release|x64.ActiveCfg = Release|Any CPU
		{C593BDF4-A828-4962-96E3-D5774BEC9229}.Release|x64.Build.0 = Release|Any CPU
		{C593BDF4-A828-4962-96E3-D5774BEC9229}.Release|x86.ActiveCfg = Release|Any CPU
		{C593BDF4-A828-4962-96E3-D5774BEC9229}.Release|x86.Build.0 = Release|Any CPU
		{00776534-E3D7-4764-B912-FBEF3BC62A78}.Debug|Any CPU.ActiveCfg = Debug|Any CPU
		{00776534-E3D7-4764-B912-FBEF3BC62A78}.Debug|Any CPU.Build.0 = Debug|Any CPU
		{00776534-E3D7-4764-B912-FBEF3BC62A78}.Debug|ARM.ActiveCfg = Debug|Any CPU
		{00776534-E3D7-4764-B912-FBEF3BC62A78}.Debug|ARM.Build.0 = Debug|Any CPU
		{00776534-E3D7-4764-B912-FBEF3BC62A78}.Debug|ARM64.ActiveCfg = Debug|Any CPU
		{00776534-E3D7-4764-B912-FBEF3BC62A78}.Debug|ARM64.Build.0 = Debug|Any CPU
		{00776534-E3D7-4764-B912-FBEF3BC62A78}.Debug|x64.ActiveCfg = Debug|Any CPU
		{00776534-E3D7-4764-B912-FBEF3BC62A78}.Debug|x64.Build.0 = Debug|Any CPU
		{00776534-E3D7-4764-B912-FBEF3BC62A78}.Debug|x86.ActiveCfg = Debug|Any CPU
		{00776534-E3D7-4764-B912-FBEF3BC62A78}.Debug|x86.Build.0 = Debug|Any CPU
		{00776534-E3D7-4764-B912-FBEF3BC62A78}.Release|Any CPU.ActiveCfg = Release|Any CPU
		{00776534-E3D7-4764-B912-FBEF3BC62A78}.Release|Any CPU.Build.0 = Release|Any CPU
		{00776534-E3D7-4764-B912-FBEF3BC62A78}.Release|ARM.ActiveCfg = Release|Any CPU
		{00776534-E3D7-4764-B912-FBEF3BC62A78}.Release|ARM.Build.0 = Release|Any CPU
		{00776534-E3D7-4764-B912-FBEF3BC62A78}.Release|ARM64.ActiveCfg = Release|Any CPU
		{00776534-E3D7-4764-B912-FBEF3BC62A78}.Release|ARM64.Build.0 = Release|Any CPU
		{00776534-E3D7-4764-B912-FBEF3BC62A78}.Release|x64.ActiveCfg = Release|Any CPU
		{00776534-E3D7-4764-B912-FBEF3BC62A78}.Release|x64.Build.0 = Release|Any CPU
		{00776534-E3D7-4764-B912-FBEF3BC62A78}.Release|x86.ActiveCfg = Release|Any CPU
		{00776534-E3D7-4764-B912-FBEF3BC62A78}.Release|x86.Build.0 = Release|Any CPU
		{94122CE0-9596-4768-8570-7B54892CA311}.Debug|Any CPU.ActiveCfg = Debug|Any CPU
		{94122CE0-9596-4768-8570-7B54892CA311}.Debug|Any CPU.Build.0 = Debug|Any CPU
		{94122CE0-9596-4768-8570-7B54892CA311}.Debug|ARM.ActiveCfg = Debug|Any CPU
		{94122CE0-9596-4768-8570-7B54892CA311}.Debug|ARM.Build.0 = Debug|Any CPU
		{94122CE0-9596-4768-8570-7B54892CA311}.Debug|ARM64.ActiveCfg = Debug|Any CPU
		{94122CE0-9596-4768-8570-7B54892CA311}.Debug|ARM64.Build.0 = Debug|Any CPU
		{94122CE0-9596-4768-8570-7B54892CA311}.Debug|x64.ActiveCfg = Debug|Any CPU
		{94122CE0-9596-4768-8570-7B54892CA311}.Debug|x64.Build.0 = Debug|Any CPU
		{94122CE0-9596-4768-8570-7B54892CA311}.Debug|x86.ActiveCfg = Debug|Any CPU
		{94122CE0-9596-4768-8570-7B54892CA311}.Debug|x86.Build.0 = Debug|Any CPU
		{94122CE0-9596-4768-8570-7B54892CA311}.Release|Any CPU.ActiveCfg = Release|Any CPU
		{94122CE0-9596-4768-8570-7B54892CA311}.Release|Any CPU.Build.0 = Release|Any CPU
		{94122CE0-9596-4768-8570-7B54892CA311}.Release|ARM.ActiveCfg = Release|Any CPU
		{94122CE0-9596-4768-8570-7B54892CA311}.Release|ARM.Build.0 = Release|Any CPU
		{94122CE0-9596-4768-8570-7B54892CA311}.Release|ARM64.ActiveCfg = Release|Any CPU
		{94122CE0-9596-4768-8570-7B54892CA311}.Release|ARM64.Build.0 = Release|Any CPU
		{94122CE0-9596-4768-8570-7B54892CA311}.Release|x64.ActiveCfg = Release|Any CPU
		{94122CE0-9596-4768-8570-7B54892CA311}.Release|x64.Build.0 = Release|Any CPU
		{94122CE0-9596-4768-8570-7B54892CA311}.Release|x86.ActiveCfg = Release|Any CPU
		{94122CE0-9596-4768-8570-7B54892CA311}.Release|x86.Build.0 = Release|Any CPU
	EndGlobalSection
	GlobalSection(SolutionProperties) = preSolution
		HideSolutionNode = FALSE
	EndGlobalSection
	GlobalSection(NestedProjects) = preSolution
		{F720BCB4-F94F-40D7-8C4B-A697DCAFBAFE} = {8F099893-9F8F-4A93-9663-0DBF0DDA09B9}
		{5B4E9511-D74E-4D46-9902-45D46A61D26D} = {8F099893-9F8F-4A93-9663-0DBF0DDA09B9}
		{D425943B-C25C-4F41-BD8E-D2D081EC48F3} = {8F099893-9F8F-4A93-9663-0DBF0DDA09B9}
		{216BBC45-E4CF-4215-A283-E78B79E96CD7} = {8F099893-9F8F-4A93-9663-0DBF0DDA09B9}
		{9F48F258-A123-4E68-BF3D-9F987D2EC850} = {216BBC45-E4CF-4215-A283-E78B79E96CD7}
		{0969CBA9-8DF5-4CEB-912D-84DBF59664C4} = {C9CF3E7E-E5B3-4F1E-8976-6AEDAD07BB52}
		{EAE47F04-7462-452E-B469-EF8FF7E7AD7A} = {C9CF3E7E-E5B3-4F1E-8976-6AEDAD07BB52}
		{2B58967B-A742-4FDB-8ADD-C53CF2995350} = {C9CF3E7E-E5B3-4F1E-8976-6AEDAD07BB52}
		{8C182D0F-3FB8-41BC-8678-9FF46FAD2174} = {C9CF3E7E-E5B3-4F1E-8976-6AEDAD07BB52}
		{9192FE64-DD28-4A40-A468-0B879AF5BC6D} = {C9CF3E7E-E5B3-4F1E-8976-6AEDAD07BB52}
		{7BEB591B-C5F3-483A-823D-7886669F4DF9} = {C9CF3E7E-E5B3-4F1E-8976-6AEDAD07BB52}
		{562B608D-E6D1-4E2C-BF59-425530C244BD} = {7BEB591B-C5F3-483A-823D-7886669F4DF9}
		{80545838-DAC8-43AB-A6CE-B6396D8D3AA9} = {216BBC45-E4CF-4215-A283-E78B79E96CD7}
		{E95B0CCC-F2D9-470C-ACCE-B7500D839829} = {216BBC45-E4CF-4215-A283-E78B79E96CD7}
		{1CE88AB6-6B68-40A7-8461-250372396B99} = {8F099893-9F8F-4A93-9663-0DBF0DDA09B9}
		{FA4C874A-FEEC-4B45-8469-8283D2B1180F} = {8F099893-9F8F-4A93-9663-0DBF0DDA09B9}
		{5FFB20FC-DC56-4F44-B52F-3CF34BD6DAB8} = {7BEB591B-C5F3-483A-823D-7886669F4DF9}
		{C593BDF4-A828-4962-96E3-D5774BEC9229} = {216BBC45-E4CF-4215-A283-E78B79E96CD7}
		{00776534-E3D7-4764-B912-FBEF3BC62A78} = {7BEB591B-C5F3-483A-823D-7886669F4DF9}
		{94122CE0-9596-4768-8570-7B54892CA311} = {7BEB591B-C5F3-483A-823D-7886669F4DF9}
	EndGlobalSection
	GlobalSection(ExtensibilityGlobals) = postSolution
		SolutionGuid = {0EE72BEA-6A7A-45F4-910D-A2AADB39A457}
	EndGlobalSection
EndGlobal
