
Microsoft Visual Studio Solution File, Format Version 12.00
# Visual Studio Version 16
VisualStudioVersion = 16.0.29728.190
MinimumVisualStudioVersion = 10.0.40219.1
Project("{9A19103F-16F7-4668-BE54-9A1E7A4F7556}") = "ClientData", "ClientData\ClientData.csproj", "{F720BCB4-F94F-40D7-8C4B-A697DCAFBAFE}"
EndProject
Project("{9A19103F-16F7-4668-BE54-9A1E7A4F7556}") = "DirectShowLib", "Support\DirectShowLib\DirectShowLib.csproj", "{9F48F258-A123-4E68-BF3D-9F987D2EC850}"
EndProject
Project("{2150E333-8FDC-42A3-9474-1A3956D46DE8}") = "Support", "Support", "{216BBC45-E4CF-4215-A283-E78B79E96CD7}"
EndProject
Project("{9A19103F-16F7-4668-BE54-9A1E7A4F7556}") = "DeltaModel", "Support\DeltaModel\DeltaModel.csproj", "{80545838-DAC8-43AB-A6CE-B6396D8D3AA9}"
EndProject
Project("{9A19103F-16F7-4668-BE54-9A1E7A4F7556}") = "DeltaModel.Test", "Support\DeltaModel.Test\DeltaModel.Test.csproj", "{E95B0CCC-F2D9-470C-ACCE-B7500D839829}"
EndProject
Project("{9A19103F-16F7-4668-BE54-9A1E7A4F7556}") = "ClientCore", "ClientCore\ClientCore.csproj", "{1CE88AB6-6B68-40A7-8461-250372396B99}"
EndProject
Project("{9A19103F-16F7-4668-BE54-9A1E7A4F7556}") = "ClientApp.Win", "ClientApp.Win\ClientApp.Win.csproj", "{FA4C874A-FEEC-4B45-8469-8283D2B1180F}"
EndProject
Project("{FAE04EC0-301F-11D3-BF4B-00C04F79EFBC}") = "UpdatePackageHolder", "Support\UpdatePackageHolder\UpdatePackageHolder.csproj", "{C593BDF4-A828-4962-96E3-D5774BEC9229}"
EndProject
Global
	GlobalSection(SolutionConfigurationPlatforms) = preSolution
		Debug|Any CPU = Debug|Any CPU
		Debug|ARM = Debug|ARM
		Debug|ARM64 = Debug|ARM64
		Debug|x64 = Debug|x64
		Debug|x86 = Debug|x86
		Release|Any CPU = Release|Any CPU
		Release|ARM = Release|ARM
		Release|ARM64 = Release|ARM64
		Release|x64 = Release|x64
		Release|x86 = Release|x86
	EndGlobalSection
	GlobalSection(ProjectConfigurationPlatforms) = postSolution
		{F720BCB4-F94F-40D7-8C4B-A697DCAFBAFE}.Debug|Any CPU.ActiveCfg = Debug|Any CPU
		{F720BCB4-F94F-40D7-8C4B-A697DCAFBAFE}.Debug|Any CPU.Build.0 = Debug|Any CPU
		{F720BCB4-F94F-40D7-8C4B-A697DCAFBAFE}.Debug|ARM.ActiveCfg = Debug|Any CPU
		{F720BCB4-F94F-40D7-8C4B-A697DCAFBAFE}.Debug|ARM.Build.0 = Debug|Any CPU
		{F720BCB4-F94F-40D7-8C4B-A697DCAFBAFE}.Debug|ARM64.ActiveCfg = Debug|Any CPU
		{F720BCB4-F94F-40D7-8C4B-A697DCAFBAFE}.Debug|ARM64.Build.0 = Debug|Any CPU
		{F720BCB4-F94F-40D7-8C4B-A697DCAFBAFE}.Debug|x64.ActiveCfg = Debug|Any CPU
		{F720BCB4-F94F-40D7-8C4B-A697DCAFBAFE}.Debug|x64.Build.0 = Debug|Any CPU
		{F720BCB4-F94F-40D7-8C4B-A697DCAFBAFE}.Debug|x86.ActiveCfg = Debug|Any CPU
		{F720BCB4-F94F-40D7-8C4B-A697DCAFBAFE}.Debug|x86.Build.0 = Debug|Any CPU
		{F720BCB4-F94F-40D7-8C4B-A697DCAFBAFE}.Release|Any CPU.ActiveCfg = Release|Any CPU
		{F720BCB4-F94F-40D7-8C4B-A697DCAFBAFE}.Release|Any CPU.Build.0 = Release|Any CPU
		{F720BCB4-F94F-40D7-8C4B-A697DCAFBAFE}.Release|ARM.ActiveCfg = Release|Any CPU
		{F720BCB4-F94F-40D7-8C4B-A697DCAFBAFE}.Release|ARM.Build.0 = Release|Any CPU
		{F720BCB4-F94F-40D7-8C4B-A697DCAFBAFE}.Release|ARM64.ActiveCfg = Release|Any CPU
		{F720BCB4-F94F-40D7-8C4B-A697DCAFBAFE}.Release|ARM64.Build.0 = Release|Any CPU
		{F720BCB4-F94F-40D7-8C4B-A697DCAFBAFE}.Release|x64.ActiveCfg = Release|Any CPU
		{F720BCB4-F94F-40D7-8C4B-A697DCAFBAFE}.Release|x64.Build.0 = Release|Any CPU
		{F720BCB4-F94F-40D7-8C4B-A697DCAFBAFE}.Release|x86.ActiveCfg = Release|Any CPU
		{F720BCB4-F94F-40D7-8C4B-A697DCAFBAFE}.Release|x86.Build.0 = Release|Any CPU
		{9F48F258-A123-4E68-BF3D-9F987D2EC850}.Debug|Any CPU.ActiveCfg = Debug|Any CPU
		{9F48F258-A123-4E68-BF3D-9F987D2EC850}.Debug|Any CPU.Build.0 = Debug|Any CPU
		{9F48F258-A123-4E68-BF3D-9F987D2EC850}.Debug|ARM.ActiveCfg = Debug|Any CPU
		{9F48F258-A123-4E68-BF3D-9F987D2EC850}.Debug|ARM.Build.0 = Debug|Any CPU
		{9F48F258-A123-4E68-BF3D-9F987D2EC850}.Debug|ARM64.ActiveCfg = Debug|Any CPU
		{9F48F258-A123-4E68-BF3D-9F987D2EC850}.Debug|ARM64.Build.0 = Debug|Any CPU
		{9F48F258-A123-4E68-BF3D-9F987D2EC850}.Debug|x64.ActiveCfg = Debug|Any CPU
		{9F48F258-A123-4E68-BF3D-9F987D2EC850}.Debug|x64.Build.0 = Debug|Any CPU
		{9F48F258-A123-4E68-BF3D-9F987D2EC850}.Debug|x86.ActiveCfg = Debug|Any CPU
		{9F48F258-A123-4E68-BF3D-9F987D2EC850}.Debug|x86.Build.0 = Debug|Any CPU
		{9F48F258-A123-4E68-BF3D-9F987D2EC850}.Release|Any CPU.ActiveCfg = Release|Any CPU
		{9F48F258-A123-4E68-BF3D-9F987D2EC850}.Release|Any CPU.Build.0 = Release|Any CPU
		{9F48F258-A123-4E68-BF3D-9F987D2EC850}.Release|ARM.ActiveCfg = Release|Any CPU
		{9F48F258-A123-4E68-BF3D-9F987D2EC850}.Release|ARM.Build.0 = Release|Any CPU
		{9F48F258-A123-4E68-BF3D-9F987D2EC850}.Release|ARM64.ActiveCfg = Release|Any CPU
		{9F48F258-A123-4E68-BF3D-9F987D2EC850}.Release|ARM64.Build.0 = Release|Any CPU
		{9F48F258-A123-4E68-BF3D-9F987D2EC850}.Release|x64.ActiveCfg = Release|Any CPU
		{9F48F258-A123-4E68-BF3D-9F987D2EC850}.Release|x64.Build.0 = Release|Any CPU
		{9F48F258-A123-4E68-BF3D-9F987D2EC850}.Release|x86.ActiveCfg = Release|Any CPU
		{9F48F258-A123-4E68-BF3D-9F987D2EC850}.Release|x86.Build.0 = Release|Any CPU
		{80545838-DAC8-43AB-A6CE-B6396D8D3AA9}.Debug|Any CPU.ActiveCfg = Debug|Any CPU
		{80545838-DAC8-43AB-A6CE-B6396D8D3AA9}.Debug|Any CPU.Build.0 = Debug|Any CPU
		{80545838-DAC8-43AB-A6CE-B6396D8D3AA9}.Debug|ARM.ActiveCfg = Debug|Any CPU
		{80545838-DAC8-43AB-A6CE-B6396D8D3AA9}.Debug|ARM.Build.0 = Debug|Any CPU
		{80545838-DAC8-43AB-A6CE-B6396D8D3AA9}.Debug|ARM64.ActiveCfg = Debug|Any CPU
		{80545838-DAC8-43AB-A6CE-B6396D8D3AA9}.Debug|ARM64.Build.0 = Debug|Any CPU
		{80545838-DAC8-43AB-A6CE-B6396D8D3AA9}.Debug|x64.ActiveCfg = Debug|Any CPU
		{80545838-DAC8-43AB-A6CE-B6396D8D3AA9}.Debug|x64.Build.0 = Debug|Any CPU
		{80545838-DAC8-43AB-A6CE-B6396D8D3AA9}.Debug|x86.ActiveCfg = Debug|Any CPU
		{80545838-DAC8-43AB-A6CE-B6396D8D3AA9}.Debug|x86.Build.0 = Debug|Any CPU
		{80545838-DAC8-43AB-A6CE-B6396D8D3AA9}.Release|Any CPU.ActiveCfg = Release|Any CPU
		{80545838-DAC8-43AB-A6CE-B6396D8D3AA9}.Release|Any CPU.Build.0 = Release|Any CPU
		{80545838-DAC8-43AB-A6CE-B6396D8D3AA9}.Release|ARM.ActiveCfg = Release|Any CPU
		{80545838-DAC8-43AB-A6CE-B6396D8D3AA9}.Release|ARM.Build.0 = Release|Any CPU
		{80545838-DAC8-43AB-A6CE-B6396D8D3AA9}.Release|ARM64.ActiveCfg = Release|Any CPU
		{80545838-DAC8-43AB-A6CE-B6396D8D3AA9}.Release|ARM64.Build.0 = Release|Any CPU
		{80545838-DAC8-43AB-A6CE-B6396D8D3AA9}.Release|x64.ActiveCfg = Release|Any CPU
		{80545838-DAC8-43AB-A6CE-B6396D8D3AA9}.Release|x64.Build.0 = Release|Any CPU
		{80545838-DAC8-43AB-A6CE-B6396D8D3AA9}.Release|x86.ActiveCfg = Release|Any CPU
		{80545838-DAC8-43AB-A6CE-B6396D8D3AA9}.Release|x86.Build.0 = Release|Any CPU
		{E95B0CCC-F2D9-470C-ACCE-B7500D839829}.Debug|Any CPU.ActiveCfg = Debug|Any CPU
		{E95B0CCC-F2D9-470C-ACCE-B7500D839829}.Debug|Any CPU.Build.0 = Debug|Any CPU
		{E95B0CCC-F2D9-470C-ACCE-B7500D839829}.Debug|ARM.ActiveCfg = Debug|Any CPU
		{E95B0CCC-F2D9-470C-ACCE-B7500D839829}.Debug|ARM.Build.0 = Debug|Any CPU
		{E95B0CCC-F2D9-470C-ACCE-B7500D839829}.Debug|ARM64.ActiveCfg = Debug|Any CPU
		{E95B0CCC-F2D9-470C-ACCE-B7500D839829}.Debug|ARM64.Build.0 = Debug|Any CPU
		{E95B0CCC-F2D9-470C-ACCE-B7500D839829}.Debug|x64.ActiveCfg = Debug|Any CPU
		{E95B0CCC-F2D9-470C-ACCE-B7500D839829}.Debug|x64.Build.0 = Debug|Any CPU
		{E95B0CCC-F2D9-470C-ACCE-B7500D839829}.Debug|x86.ActiveCfg = Debug|Any CPU
		{E95B0CCC-F2D9-470C-ACCE-B7500D839829}.Debug|x86.Build.0 = Debug|Any CPU
		{E95B0CCC-F2D9-470C-ACCE-B7500D839829}.Release|Any CPU.ActiveCfg = Release|Any CPU
		{E95B0CCC-F2D9-470C-ACCE-B7500D839829}.Release|Any CPU.Build.0 = Release|Any CPU
		{E95B0CCC-F2D9-470C-ACCE-B7500D839829}.Release|ARM.ActiveCfg = Release|Any CPU
		{E95B0CCC-F2D9-470C-ACCE-B7500D839829}.Release|ARM.Build.0 = Release|Any CPU
		{E95B0CCC-F2D9-470C-ACCE-B7500D839829}.Release|ARM64.ActiveCfg = Release|Any CPU
		{E95B0CCC-F2D9-470C-ACCE-B7500D839829}.Release|ARM64.Build.0 = Release|Any CPU
		{E95B0CCC-F2D9-470C-ACCE-B7500D839829}.Release|x64.ActiveCfg = Release|Any CPU
		{E95B0CCC-F2D9-470C-ACCE-B7500D839829}.Release|x64.Build.0 = Release|Any CPU
		{E95B0CCC-F2D9-470C-ACCE-B7500D839829}.Release|x86.ActiveCfg = Release|Any CPU
		{E95B0CCC-F2D9-470C-ACCE-B7500D839829}.Release|x86.Build.0 = Release|Any CPU
		{1CE88AB6-6B68-40A7-8461-250372396B99}.Debug|Any CPU.ActiveCfg = Debug|Any CPU
		{1CE88AB6-6B68-40A7-8461-250372396B99}.Debug|Any CPU.Build.0 = Debug|Any CPU
		{1CE88AB6-6B68-40A7-8461-250372396B99}.Debug|ARM.ActiveCfg = Debug|Any CPU
		{1CE88AB6-6B68-40A7-8461-250372396B99}.Debug|ARM.Build.0 = Debug|Any CPU
		{1CE88AB6-6B68-40A7-8461-250372396B99}.Debug|ARM64.ActiveCfg = Debug|Any CPU
		{1CE88AB6-6B68-40A7-8461-250372396B99}.Debug|ARM64.Build.0 = Debug|Any CPU
		{1CE88AB6-6B68-40A7-8461-250372396B99}.Debug|x64.ActiveCfg = Debug|Any CPU
		{1CE88AB6-6B68-40A7-8461-250372396B99}.Debug|x64.Build.0 = Debug|Any CPU
		{1CE88AB6-6B68-40A7-8461-250372396B99}.Debug|x86.ActiveCfg = Debug|Any CPU
		{1CE88AB6-6B68-40A7-8461-250372396B99}.Debug|x86.Build.0 = Debug|Any CPU
		{1CE88AB6-6B68-40A7-8461-250372396B99}.Release|Any CPU.ActiveCfg = Release|Any CPU
		{1CE88AB6-6B68-40A7-8461-250372396B99}.Release|Any CPU.Build.0 = Release|Any CPU
		{1CE88AB6-6B68-40A7-8461-250372396B99}.Release|ARM.ActiveCfg = Release|Any CPU
		{1CE88AB6-6B68-40A7-8461-250372396B99}.Release|ARM.Build.0 = Release|Any CPU
		{1CE88AB6-6B68-40A7-8461-250372396B99}.Release|ARM64.ActiveCfg = Release|Any CPU
		{1CE88AB6-6B68-40A7-8461-250372396B99}.Release|ARM64.Build.0 = Release|Any CPU
		{1CE88AB6-6B68-40A7-8461-250372396B99}.Release|x64.ActiveCfg = Release|Any CPU
		{1CE88AB6-6B68-40A7-8461-250372396B99}.Release|x64.Build.0 = Release|Any CPU
		{1CE88AB6-6B68-40A7-8461-250372396B99}.Release|x86.ActiveCfg = Release|Any CPU
		{1CE88AB6-6B68-40A7-8461-250372396B99}.Release|x86.Build.0 = Release|Any CPU
		{FA4C874A-FEEC-4B45-8469-8283D2B1180F}.Debug|Any CPU.ActiveCfg = Debug|Any CPU
		{FA4C874A-FEEC-4B45-8469-8283D2B1180F}.Debug|Any CPU.Build.0 = Debug|Any CPU
		{FA4C874A-FEEC-4B45-8469-8283D2B1180F}.Debug|ARM.ActiveCfg = Debug|Any CPU
		{FA4C874A-FEEC-4B45-8469-8283D2B1180F}.Debug|ARM.Build.0 = Debug|Any CPU
		{FA4C874A-FEEC-4B45-8469-8283D2B1180F}.Debug|ARM64.ActiveCfg = Debug|Any CPU
		{FA4C874A-FEEC-4B45-8469-8283D2B1180F}.Debug|ARM64.Build.0 = Debug|Any CPU
		{FA4C874A-FEEC-4B45-8469-8283D2B1180F}.Debug|x64.ActiveCfg = Debug|Any CPU
		{FA4C874A-FEEC-4B45-8469-8283D2B1180F}.Debug|x64.Build.0 = Debug|Any CPU
		{FA4C874A-FEEC-4B45-8469-8283D2B1180F}.Debug|x86.ActiveCfg = Debug|Any CPU
		{FA4C874A-FEEC-4B45-8469-8283D2B1180F}.Debug|x86.Build.0 = Debug|Any CPU
		{FA4C874A-FEEC-4B45-8469-8283D2B1180F}.Release|Any CPU.ActiveCfg = Release|Any CPU
		{FA4C874A-FEEC-4B45-8469-8283D2B1180F}.Release|Any CPU.Build.0 = Release|Any CPU
		{FA4C874A-FEEC-4B45-8469-8283D2B1180F}.Release|ARM.ActiveCfg = Release|Any CPU
		{FA4C874A-FEEC-4B45-8469-8283D2B1180F}.Release|ARM.Build.0 = Release|Any CPU
		{FA4C874A-FEEC-4B45-8469-8283D2B1180F}.Release|ARM64.ActiveCfg = Release|Any CPU
		{FA4C874A-FEEC-4B45-8469-8283D2B1180F}.Release|ARM64.Build.0 = Release|Any CPU
		{FA4C874A-FEEC-4B45-8469-8283D2B1180F}.Release|x64.ActiveCfg = Release|Any CPU
		{FA4C874A-FEEC-4B45-8469-8283D2B1180F}.Release|x64.Build.0 = Release|Any CPU
		{FA4C874A-FEEC-4B45-8469-8283D2B1180F}.Release|x86.ActiveCfg = Release|Any CPU
		{FA4C874A-FEEC-4B45-8469-8283D2B1180F}.Release|x86.Build.0 = Release|Any CPU
		{C593BDF4-A828-4962-96E3-D5774BEC9229}.Debug|Any CPU.ActiveCfg = Debug|Any CPU
		{C593BDF4-A828-4962-96E3-D5774BEC9229}.Debug|Any CPU.Build.0 = Debug|Any CPU
		{C593BDF4-A828-4962-96E3-D5774BEC9229}.Debug|ARM.ActiveCfg = Debug|Any CPU
		{C593BDF4-A828-4962-96E3-D5774BEC9229}.Debug|ARM.Build.0 = Debug|Any CPU
		{C593BDF4-A828-4962-96E3-D5774BEC9229}.Debug|ARM64.ActiveCfg = Debug|Any CPU
		{C593BDF4-A828-4962-96E3-D5774BEC9229}.Debug|ARM64.Build.0 = Debug|Any CPU
		{C593BDF4-A828-4962-96E3-D5774BEC9229}.Debug|x64.ActiveCfg = Debug|Any CPU
		{C593BDF4-A828-4962-96E3-D5774BEC9229}.Debug|x64.Build.0 = Debug|Any CPU
		{C593BDF4-A828-4962-96E3-D5774BEC9229}.Debug|x86.ActiveCfg = Debug|Any CPU
		{C593BDF4-A828-4962-96E3-D5774BEC9229}.Debug|x86.Build.0 = Debug|Any CPU
		{C593BDF4-A828-4962-96E3-D5774BEC9229}.Release|Any CPU.ActiveCfg = Release|Any CPU
		{C593BDF4-A828-4962-96E3-D5774BEC9229}.Release|Any CPU.Build.0 = Release|Any CPU
		{C593BDF4-A828-4962-96E3-D5774BEC9229}.Release|ARM.ActiveCfg = Release|Any CPU
		{C593BDF4-A828-4962-96E3-D5774BEC9229}.Release|ARM.Build.0 = Release|Any CPU
		{C593BDF4-A828-4962-96E3-D5774BEC9229}.Release|ARM64.ActiveCfg = Release|Any CPU
		{C593BDF4-A828-4962-96E3-D5774BEC9229}.Release|ARM64.Build.0 = Release|Any CPU
		{C593BDF4-A828-4962-96E3-D5774BEC9229}.Release|x64.ActiveCfg = Release|Any CPU
		{C593BDF4-A828-4962-96E3-D5774BEC9229}.Release|x64.Build.0 = Release|Any CPU
		{C593BDF4-A828-4962-96E3-D5774BEC9229}.Release|x86.ActiveCfg = Release|Any CPU
		{C593BDF4-A828-4962-96E3-D5774BEC9229}.Release|x86.Build.0 = Release|Any CPU
	EndGlobalSection
	GlobalSection(SolutionProperties) = preSolution
		HideSolutionNode = FALSE
	EndGlobalSection
	GlobalSection(NestedProjects) = preSolution
		{9F48F258-A123-4E68-BF3D-9F987D2EC850} = {216BBC45-E4CF-4215-A283-E78B79E96CD7}
		{80545838-DAC8-43AB-A6CE-B6396D8D3AA9} = {216BBC45-E4CF-4215-A283-E78B79E96CD7}
		{E95B0CCC-F2D9-470C-ACCE-B7500D839829} = {216BBC45-E4CF-4215-A283-E78B79E96CD7}
		{C593BDF4-A828-4962-96E3-D5774BEC9229} = {216BBC45-E4CF-4215-A283-E78B79E96CD7}
	EndGlobalSection
	GlobalSection(ExtensibilityGlobals) = postSolution
		SolutionGuid = {0EE72BEA-6A7A-45F4-910D-A2AADB39A457}
	EndGlobalSection
EndGlobal
